
Microsoft Visual Studio Solution File, Format Version 12.00
# Visual Studio 15
VisualStudioVersion = 15.0.27130.2036
MinimumVisualStudioVersion = 10.0.40219.1
Project("{FAE04EC0-301F-11D3-BF4B-00C04F79EFBC}") = "DiagonalEjemplo", "DiagonalEjemplo\DiagonalEjemplo.csproj", "{23A336EA-F086-4CDD-BED7-7320CAD4460B}"
EndProject
Global
	GlobalSection(SolutionConfigurationPlatforms) = preSolution
		Debug|Any CPU = Debug|Any CPU
		Release|Any CPU = Release|Any CPU
	EndGlobalSection
	GlobalSection(ProjectConfigurationPlatforms) = postSolution
		{23A336EA-F086-4CDD-BED7-7320CAD4460B}.Debug|Any CPU.ActiveCfg = Debug|Any CPU
		{23A336EA-F086-4CDD-BED7-7320CAD4460B}.Debug|Any CPU.Build.0 = Debug|Any CPU
		{23A336EA-F086-4CDD-BED7-7320CAD4460B}.Release|Any CPU.ActiveCfg = Release|Any CPU
		{23A336EA-F086-4CDD-BED7-7320CAD4460B}.Release|Any CPU.Build.0 = Release|Any CPU
	EndGlobalSection
	GlobalSection(SolutionProperties) = preSolution
		HideSolutionNode = FALSE
	EndGlobalSection
	GlobalSection(ExtensibilityGlobals) = postSolution
		SolutionGuid = {302431F7-D671-4287-BEE7-E227EAB018B1}
	EndGlobalSection
EndGlobal
